
Microsoft Visual Studio Solution File, Format Version 12.00
# Visual Studio Version 17
VisualStudioVersion = 17.8.34511.84
MinimumVisualStudioVersion = 10.0.40219.1
Project("{FAE04EC0-301F-11D3-BF4B-00C04F79EFBC}") = "Calculadora", "Calculadora.csproj", "{297019F2-7F76-43C9-BADD-60AD70E6ADF4}"
EndProject
Global
	GlobalSection(SolutionConfigurationPlatforms) = preSolution
		Debug|Any CPU = Debug|Any CPU
		Release|Any CPU = Release|Any CPU
	EndGlobalSection
	GlobalSection(ProjectConfigurationPlatforms) = postSolution
		{297019F2-7F76-43C9-BADD-60AD70E6ADF4}.Debug|Any CPU.ActiveCfg = Debug|Any CPU
		{297019F2-7F76-43C9-BADD-60AD70E6ADF4}.Debug|Any CPU.Build.0 = Debug|Any CPU
		{297019F2-7F76-43C9-BADD-60AD70E6ADF4}.Release|Any CPU.ActiveCfg = Release|Any CPU
		{297019F2-7F76-43C9-BADD-60AD70E6ADF4}.Release|Any CPU.Build.0 = Release|Any CPU
	EndGlobalSection
	GlobalSection(SolutionProperties) = preSolution
		HideSolutionNode = FALSE
	EndGlobalSection
	GlobalSection(ExtensibilityGlobals) = postSolution
		SolutionGuid = {559FC19D-F574-4030-9C52-8BD001708C52}
	EndGlobalSection
EndGlobal
